
Microsoft Visual Studio Solution File, Format Version 12.00
# Visual Studio 15
VisualStudioVersion = 15.0.26606.0
MinimumVisualStudioVersion = 10.0.40219.1
Project("{FAE04EC0-301F-11D3-BF4B-00C04F79EFBC}") = "iOSXamarin0629", "iOSXamarin0629\iOSXamarin0629.csproj", "{52904696-AE82-4656-9E6D-A96B22274C39}"
EndProject
Global
	GlobalSection(SolutionConfigurationPlatforms) = preSolution
		Ad-Hoc|iPhone = Ad-Hoc|iPhone
		Ad-Hoc|iPhoneSimulator = Ad-Hoc|iPhoneSimulator
		AppStore|iPhone = AppStore|iPhone
		AppStore|iPhoneSimulator = AppStore|iPhoneSimulator
		Debug|iPhone = Debug|iPhone
		Debug|iPhoneSimulator = Debug|iPhoneSimulator
		Release|iPhone = Release|iPhone
		Release|iPhoneSimulator = Release|iPhoneSimulator
	EndGlobalSection
	GlobalSection(ProjectConfigurationPlatforms) = postSolution
		{52904696-AE82-4656-9E6D-A96B22274C39}.Ad-Hoc|iPhone.ActiveCfg = Ad-Hoc|iPhone
		{52904696-AE82-4656-9E6D-A96B22274C39}.Ad-Hoc|iPhone.Build.0 = Ad-Hoc|iPhone
		{52904696-AE82-4656-9E6D-A96B22274C39}.Ad-Hoc|iPhoneSimulator.ActiveCfg = Ad-Hoc|iPhoneSimulator
		{52904696-AE82-4656-9E6D-A96B22274C39}.Ad-Hoc|iPhoneSimulator.Build.0 = Ad-Hoc|iPhoneSimulator
		{52904696-AE82-4656-9E6D-A96B22274C39}.AppStore|iPhone.ActiveCfg = AppStore|iPhone
		{52904696-AE82-4656-9E6D-A96B22274C39}.AppStore|iPhone.Build.0 = AppStore|iPhone
		{52904696-AE82-4656-9E6D-A96B22274C39}.AppStore|iPhoneSimulator.ActiveCfg = AppStore|iPhoneSimulator
		{52904696-AE82-4656-9E6D-A96B22274C39}.AppStore|iPhoneSimulator.Build.0 = AppStore|iPhoneSimulator
		{52904696-AE82-4656-9E6D-A96B22274C39}.Debug|iPhone.ActiveCfg = Debug|iPhone
		{52904696-AE82-4656-9E6D-A96B22274C39}.Debug|iPhone.Build.0 = Debug|iPhone
		{52904696-AE82-4656-9E6D-A96B22274C39}.Debug|iPhoneSimulator.ActiveCfg = Debug|iPhoneSimulator
		{52904696-AE82-4656-9E6D-A96B22274C39}.Debug|iPhoneSimulator.Build.0 = Debug|iPhoneSimulator
		{52904696-AE82-4656-9E6D-A96B22274C39}.Release|iPhone.ActiveCfg = Release|iPhone
		{52904696-AE82-4656-9E6D-A96B22274C39}.Release|iPhone.Build.0 = Release|iPhone
		{52904696-AE82-4656-9E6D-A96B22274C39}.Release|iPhoneSimulator.ActiveCfg = Release|iPhoneSimulator
		{52904696-AE82-4656-9E6D-A96B22274C39}.Release|iPhoneSimulator.Build.0 = Release|iPhoneSimulator
	EndGlobalSection
	GlobalSection(SolutionProperties) = preSolution
		HideSolutionNode = FALSE
	EndGlobalSection
EndGlobal
